{
  "name": "@openint/examples-esm",
  "lockfileVersion": 3,
  "requires": true,
  "packages": {
    "": {
      "name": "@openint/examples-esm",
      "dependencies": {
        "@opensdks/sdk-openint": "0.0.9"
      }
    },
    "node_modules/@opensdks/fetch-links": {
      "version": "0.0.19",
      "resolved": "https://registry.npmjs.org/@opensdks/fetch-links/-/fetch-links-0.0.19.tgz",
      "integrity": "sha512-rGFjhN61qkLWVSrffEkYHGstCFT+3RQ/jUFHL2tpyJ9he6aNoX80ABsRxf9DCrQole5L/wWuq88luUeAnfTMBQ==",
      "peer": true
    },
    "node_modules/@opensdks/runtime": {
      "version": "0.0.20",
      "resolved": "https://registry.npmjs.org/@opensdks/runtime/-/runtime-0.0.20.tgz",
      "integrity": "sha512-Ho1+r9Y6Bsdl/3oppx6c709rlJot2UM86Rj36MYfKFIt9kCj6mHI2HLWi+X9+bmYE3CwwMsw58h3PWJMYjq/2w==",
      "peer": true,
      "dependencies": {
        "@opensdks/fetch-links": "0.0.19",
        "openapi-fetch": "0.8.1",
        "openapi-typescript-helpers": "0.0.4",
        "openapi3-ts": "4.1.2"
      }
    },
    "node_modules/@opensdks/sdk-openint": {
      "version": "0.0.9",
      "resolved": "https://registry.npmjs.org/@opensdks/sdk-openint/-/sdk-openint-0.0.9.tgz",
      "integrity": "sha512-2AYt7wmv7MgBVEY3uJF8QRJlzYZExW6BnlXZUd0iSh1FNGe/31VqG4g+s97Ks0/WqurAfpY6z3X4/vVSZ1iR2A==",
      "peerDependencies": {
        "@opensdks/runtime": "0.0.20"
      }
    },
    "node_modules/openapi-fetch": {
      "version": "0.8.1",
      "resolved": "https://registry.npmjs.org/openapi-fetch/-/openapi-fetch-0.8.1.tgz",
      "integrity": "sha512-xmzMaBCydPTMd0TKy4P2DYx/JOe9yjXtPIky1n1GV7nJJdZ3IZgSHvAWVbe06WsPD8EreR7E97IAiskPr6sa2g==",
      "peer": true,
      "dependencies": {
        "openapi-typescript-helpers": "^0.0.4"
      }
    },
    "node_modules/openapi-typescript-helpers": {
      "version": "0.0.4",
      "resolved": "https://registry.npmjs.org/openapi-typescript-helpers/-/openapi-typescript-helpers-0.0.4.tgz",
      "integrity": "sha512-Q0MTapapFAG993+dx8lNw33X6P/6EbFr31yNymJHq56fNc6dODyRm8tWyRnGxuC74lyl1iCRMV6nQCGQsfVNKg==",
      "peer": true
    },
    "node_modules/openapi3-ts": {
      "version": "4.1.2",
      "resolved": "https://registry.npmjs.org/openapi3-ts/-/openapi3-ts-4.1.2.tgz",
      "integrity": "sha512-B7gOkwsYMZO7BZXwJzXCuVagym2xhqsrilVvV0dnq2Di4+iLUXKVX9gOK23ZqaAHZOwABXN0QTdW8QnkUTX6DA==",
      "peer": true,
      "dependencies": {
        "yaml": "^2.2.2"
      }
    },
    "node_modules/yaml": {
      "version": "2.5.1",
      "resolved": "https://registry.npmjs.org/yaml/-/yaml-2.5.1.tgz",
      "integrity": "sha512-bLQOjaX/ADgQ20isPJRvF0iRUHIxVhYvr53Of7wGcWlO2jvtUlH5m87DsmulFVxRpNLOnI4tB6p/oh8D7kpn9Q==",
      "peer": true,
      "bin": {
        "yaml": "bin.mjs"
      },
      "engines": {
        "node": ">= 14"
      }
    }
  }
}
